// !$*UTF8*$!
{
	archiveVersion = 1;
	classes = {
	};
	objectVersion = 56;
	objects = {

/* Begin PBXBuildFile section */
		6E886B862DFB2F7E005992D9 /* HealthInsightsView.swift in Sources */ = {isa = PBXBuildFile; fileRef = 6E886B852DFB2F7E005992D9 /* HealthInsightsView.swift */; };
		6E886B882DFB30DD005992D9 /* ConsumptionTrendsView.swift in Sources */ = {isa = PBXBuildFile; fileRef = 6E886B872DFB30DD005992D9 /* ConsumptionTrendsView.swift */; };
		6E886B8A2DFB30EE005992D9 /* ForecastView.swift in Sources */ = {isa = PBXBuildFile; fileRef = 6E886B892DFB30EE005992D9 /* ForecastView.swift */; };
		6E886B8C2DFBF280005992D9 /* ChartSection.swift in Sources */ = {isa = PBXBuildFile; fileRef = 6E886B8B2DFBF280005992D9 /* ChartSection.swift */; };
		6E8FE17E2DF830E900C274B2 /* Puff_Puff_PassApp.swift in Sources */ = {isa = PBXBuildFile; fileRef = 6E8FE17D2DF830E900C274B2 /* Puff_Puff_PassApp.swift */; };
		6E8FE1822DF830EB00C274B2 /* Assets.xcassets in Resources */ = {isa = PBXBuildFile; fileRef = 6E8FE1812DF830EB00C274B2 /* Assets.xcassets */; };
		6E8FE1862DF830EB00C274B2 /* Preview Assets.xcassets in Resources */ = {isa = PBXBuildFile; fileRef = 6E8FE1852DF830EB00C274B2 /* Preview Assets.xcassets */; };
		6E8FE18D2DF83B4800C274B2 /* RegistrationView.swift in Sources */ = {isa = PBXBuildFile; fileRef = 6E8FE18C2DF83B4800C274B2 /* RegistrationView.swift */; };
		6EAFDB6C2DF9E13C00D9DB57 /* LoginView.swift in Sources */ = {isa = PBXBuildFile; fileRef = 6EAFDB6B2DF9E13C00D9DB57 /* LoginView.swift */; };
		6EAFDB6E2DF9E1C900D9DB57 /* HomeView.swift in Sources */ = {isa = PBXBuildFile; fileRef = 6EAFDB6D2DF9E1C900D9DB57 /* HomeView.swift */; };
		6EAFDB702DF9E78E00D9DB57 /* ProfileSheet.swift in Sources */ = {isa = PBXBuildFile; fileRef = 6EAFDB6F2DF9E78E00D9DB57 /* ProfileSheet.swift */; };
		6EAFDB722DF9EA7A00D9DB57 /* StatisticsView.swift in Sources */ = {isa = PBXBuildFile; fileRef = 6EAFDB712DF9EA7A00D9DB57 /* StatisticsView.swift */; };
/* End PBXBuildFile section */

/* Begin PBXFileReference section */
		6E886B852DFB2F7E005992D9 /* HealthInsightsView.swift */ = {isa = PBXFileReference; lastKnownFileType = sourcecode.swift; path = HealthInsightsView.swift; sourceTree = "<group>"; };
		6E886B872DFB30DD005992D9 /* ConsumptionTrendsView.swift */ = {isa = PBXFileReference; lastKnownFileType = sourcecode.swift; path = ConsumptionTrendsView.swift; sourceTree = "<group>"; };
		6E886B892DFB30EE005992D9 /* ForecastView.swift */ = {isa = PBXFileReference; lastKnownFileType = sourcecode.swift; path = ForecastView.swift; sourceTree = "<group>"; };
		6E886B8B2DFBF280005992D9 /* ChartSection.swift */ = {isa = PBXFileReference; lastKnownFileType = sourcecode.swift; path = ChartSection.swift; sourceTree = "<group>"; };
		6E8FE17A2DF830E900C274B2 /* Puff Puff Pass.app */ = {isa = PBXFileReference; explicitFileType = wrapper.application; includeInIndex = 0; path = "Puff Puff Pass.app"; sourceTree = BUILT_PRODUCTS_DIR; };
		6E8FE17D2DF830E900C274B2 /* Puff_Puff_PassApp.swift */ = {isa = PBXFileReference; lastKnownFileType = sourcecode.swift; path = Puff_Puff_PassApp.swift; sourceTree = "<group>"; };
		6E8FE1812DF830EB00C274B2 /* Assets.xcassets */ = {isa = PBXFileReference; lastKnownFileType = folder.assetcatalog; path = Assets.xcassets; sourceTree = "<group>"; };
		6E8FE1832DF830EB00C274B2 /* Puff_Puff_Pass.entitlements */ = {isa = PBXFileReference; lastKnownFileType = text.plist.entitlements; path = Puff_Puff_Pass.entitlements; sourceTree = "<group>"; };
		6E8FE1852DF830EB00C274B2 /* Preview Assets.xcassets */ = {isa = PBXFileReference; lastKnownFileType = folder.assetcatalog; path = "Preview Assets.xcassets"; sourceTree = "<group>"; };
		6E8FE18C2DF83B4800C274B2 /* RegistrationView.swift */ = {isa = PBXFileReference; lastKnownFileType = sourcecode.swift; path = RegistrationView.swift; sourceTree = "<group>"; };
		6EAFDB6B2DF9E13C00D9DB57 /* LoginView.swift */ = {isa = PBXFileReference; lastKnownFileType = sourcecode.swift; path = LoginView.swift; sourceTree = "<group>"; };
		6EAFDB6D2DF9E1C900D9DB57 /* HomeView.swift */ = {isa = PBXFileReference; lastKnownFileType = sourcecode.swift; path = HomeView.swift; sourceTree = "<group>"; xcLanguageSpecificationIdentifier = xcode.lang.swift; };
		6EAFDB6F2DF9E78E00D9DB57 /* ProfileSheet.swift */ = {isa = PBXFileReference; lastKnownFileType = sourcecode.swift; path = ProfileSheet.swift; sourceTree = "<group>"; };
		6EAFDB712DF9EA7A00D9DB57 /* StatisticsView.swift */ = {isa = PBXFileReference; lastKnownFileType = sourcecode.swift; path = StatisticsView.swift; sourceTree = "<group>"; };
/* End PBXFileReference section */

/* Begin PBXFrameworksBuildPhase section */
		6E8FE1772DF830E900C274B2 /* Frameworks */ = {
			isa = PBXFrameworksBuildPhase;
			buildActionMask = 2147483647;
			files = (
			);
			runOnlyForDeploymentPostprocessing = 0;
		};
/* End PBXFrameworksBuildPhase section */

/* Begin PBXGroup section */
		6E8FE1712DF830E900C274B2 = {
			isa = PBXGroup;
			children = (
				6E886B8B2DFBF280005992D9 /* ChartSection.swift */,
				6E8FE17C2DF830E900C274B2 /* Puff Puff Pass */,
				6E8FE17B2DF830E900C274B2 /* Products */,
			);
			sourceTree = "<group>";
		};
		6E8FE17B2DF830E900C274B2 /* Products */ = {
			isa = PBXGroup;
			children = (
				6E8FE17A2DF830E900C274B2 /* Puff Puff Pass.app */,
			);
			name = Products;
			sourceTree = "<group>";
		};
		6E8FE17C2DF830E900C274B2 /* Puff Puff Pass */ = {
			isa = PBXGroup;
			children = (
				6E886B892DFB30EE005992D9 /* ForecastView.swift */,
				6E886B872DFB30DD005992D9 /* ConsumptionTrendsView.swift */,
				6E886B852DFB2F7E005992D9 /* HealthInsightsView.swift */,
				6E8FE17D2DF830E900C274B2 /* Puff_Puff_PassApp.swift */,
				6E8FE18C2DF83B4800C274B2 /* RegistrationView.swift */,
				6E8FE1812DF830EB00C274B2 /* Assets.xcassets */,
				6E8FE1832DF830EB00C274B2 /* Puff_Puff_Pass.entitlements */,
				6E8FE1842DF830EB00C274B2 /* Preview Content */,
				6EAFDB6B2DF9E13C00D9DB57 /* LoginView.swift */,
				6EAFDB6D2DF9E1C900D9DB57 /* HomeView.swift */,
				6EAFDB6F2DF9E78E00D9DB57 /* ProfileSheet.swift */,
				6EAFDB712DF9EA7A00D9DB57 /* StatisticsView.swift */,
			);
			path = "Puff Puff Pass";
			sourceTree = "<group>";
		};
		6E8FE1842DF830EB00C274B2 /* Preview Content */ = {
			isa = PBXGroup;
			children = (
				6E8FE1852DF830EB00C274B2 /* Preview Assets.xcassets */,
			);
			path = "Preview Content";
			sourceTree = "<group>";
		};
/* End PBXGroup section */

/* Begin PBXNativeTarget section */
		6E8FE1792DF830E900C274B2 /* Puff Puff Pass */ = {
			isa = PBXNativeTarget;
			buildConfigurationList = 6E8FE1892DF830EB00C274B2 /* Build configuration list for PBXNativeTarget "Puff Puff Pass" */;
			buildPhases = (
				6E8FE1762DF830E900C274B2 /* Sources */,
				6E8FE1772DF830E900C274B2 /* Frameworks */,
				6E8FE1782DF830E900C274B2 /* Resources */,
			);
			buildRules = (
			);
			dependencies = (
			);
			name = "Puff Puff Pass";
			productName = "Puff Puff Pass";
			productReference = 6E8FE17A2DF830E900C274B2 /* Puff Puff Pass.app */;
			productType = "com.apple.product-type.application";
		};
/* End PBXNativeTarget section */

/* Begin PBXProject section */
		6E8FE1722DF830E900C274B2 /* Project object */ = {
			isa = PBXProject;
			attributes = {
				BuildIndependentTargetsInParallel = 1;
				LastSwiftUpdateCheck = 1430;
				LastUpgradeCheck = 1430;
				TargetAttributes = {
					6E8FE1792DF830E900C274B2 = {
						CreatedOnToolsVersion = 14.3;
					};
				};
			};
			buildConfigurationList = 6E8FE1752DF830E900C274B2 /* Build configuration list for PBXProject "Puff Puff Pass" */;
			compatibilityVersion = "Xcode 14.0";
			developmentRegion = en;
			hasScannedForEncodings = 0;
			knownRegions = (
				en,
				Base,
			);
			mainGroup = 6E8FE1712DF830E900C274B2;
			productRefGroup = 6E8FE17B2DF830E900C274B2 /* Products */;
			projectDirPath = "";
			projectRoot = "";
			targets = (
				6E8FE1792DF830E900C274B2 /* Puff Puff Pass */,
			);
		};
/* End PBXProject section */

/* Begin PBXResourcesBuildPhase section */
		6E8FE1782DF830E900C274B2 /* Resources */ = {
			isa = PBXResourcesBuildPhase;
			buildActionMask = 2147483647;
			files = (
				6E8FE1862DF830EB00C274B2 /* Preview Assets.xcassets in Resources */,
				6E8FE1822DF830EB00C274B2 /* Assets.xcassets in Resources */,
			);
			runOnlyForDeploymentPostprocessing = 0;
		};
/* End PBXResourcesBuildPhase section */

/* Begin PBXSourcesBuildPhase section */
		6E8FE1762DF830E900C274B2 /* Sources */ = {
			isa = PBXSourcesBuildPhase;
			buildActionMask = 2147483647;
			files = (
				6E886B882DFB30DD005992D9 /* ConsumptionTrendsView.swift in Sources */,
				6EAFDB6C2DF9E13C00D9DB57 /* LoginView.swift in Sources */,
				6EAFDB722DF9EA7A00D9DB57 /* StatisticsView.swift in Sources */,
				6EAFDB6E2DF9E1C900D9DB57 /* HomeView.swift in Sources */,
				6E886B8C2DFBF280005992D9 /* ChartSection.swift in Sources */,
				6E8FE18D2DF83B4800C274B2 /* RegistrationView.swift in Sources */,
				6E886B8A2DFB30EE005992D9 /* ForecastView.swift in Sources */,
				6E886B862DFB2F7E005992D9 /* HealthInsightsView.swift in Sources */,
				6E8FE17E2DF830E900C274B2 /* Puff_Puff_PassApp.swift in Sources */,
				6EAFDB702DF9E78E00D9DB57 /* ProfileSheet.swift in Sources */,
			);
			runOnlyForDeploymentPostprocessing = 0;
		};
/* End PBXSourcesBuildPhase section */

/* Begin XCBuildConfiguration section */
		6E8FE1872DF830EB00C274B2 /* Debug */ = {
			isa = XCBuildConfiguration;
			buildSettings = {
				ALWAYS_SEARCH_USER_PATHS = NO;
				CLANG_ANALYZER_NONNULL = YES;
				CLANG_ANALYZER_NUMBER_OBJECT_CONVERSION = YES_AGGRESSIVE;
				CLANG_CXX_LANGUAGE_STANDARD = "gnu++20";
				CLANG_ENABLE_MODULES = YES;
				CLANG_ENABLE_OBJC_ARC = YES;
				CLANG_ENABLE_OBJC_WEAK = YES;
				CLANG_WARN_BLOCK_CAPTURE_AUTORELEASING = YES;
				CLANG_WARN_BOOL_CONVERSION = YES;
				CLANG_WARN_COMMA = YES;
				CLANG_WARN_CONSTANT_CONVERSION = YES;
				CLANG_WARN_DEPRECATED_OBJC_IMPLEMENTATIONS = YES;
				CLANG_WARN_DIRECT_OBJC_ISA_USAGE = YES_ERROR;
				CLANG_WARN_DOCUMENTATION_COMMENTS = YES;
				CLANG_WARN_EMPTY_BODY = YES;
				CLANG_WARN_ENUM_CONVERSION = YES;
				CLANG_WARN_INFINITE_RECURSION = YES;
				CLANG_WARN_INT_CONVERSION = YES;
				CLANG_WARN_NON_LITERAL_NULL_CONVERSION = YES;
				CLANG_WARN_OBJC_IMPLICIT_RETAIN_SELF = YES;
				CLANG_WARN_OBJC_LITERAL_CONVERSION = YES;
				CLANG_WARN_OBJC_ROOT_CLASS = YES_ERROR;
				CLANG_WARN_QUOTED_INCLUDE_IN_FRAMEWORK_HEADER = YES;
				CLANG_WARN_RANGE_LOOP_ANALYSIS = YES;
				CLANG_WARN_STRICT_PROTOTYPES = YES;
				CLANG_WARN_SUSPICIOUS_MOVE = YES;
				CLANG_WARN_UNGUARDED_AVAILABILITY = YES_AGGRESSIVE;
				CLANG_WARN_UNREACHABLE_CODE = YES;
				CLANG_WARN__DUPLICATE_METHOD_MATCH = YES;
				COPY_PHASE_STRIP = NO;
				DEBUG_INFORMATION_FORMAT = dwarf;
				ENABLE_STRICT_OBJC_MSGSEND = YES;
				ENABLE_TESTABILITY = YES;
				GCC_C_LANGUAGE_STANDARD = gnu11;
				GCC_DYNAMIC_NO_PIC = NO;
				GCC_NO_COMMON_BLOCKS = YES;
				GCC_OPTIMIZATION_LEVEL = 0;
				GCC_PREPROCESSOR_DEFINITIONS = (
					"DEBUG=1",
					"$(inherited)",
				);
				GCC_WARN_64_TO_32_BIT_CONVERSION = YES;
				GCC_WARN_ABOUT_RETURN_TYPE = YES_ERROR;
				GCC_WARN_UNDECLARED_SELECTOR = YES;
				GCC_WARN_UNINITIALIZED_AUTOS = YES_AGGRESSIVE;
				GCC_WARN_UNUSED_FUNCTION = YES;
				GCC_WARN_UNUSED_VARIABLE = YES;
				MTL_ENABLE_DEBUG_INFO = INCLUDE_SOURCE;
				MTL_FAST_MATH = YES;
				ONLY_ACTIVE_ARCH = YES;
				SWIFT_ACTIVE_COMPILATION_CONDITIONS = DEBUG;
				SWIFT_OPTIMIZATION_LEVEL = "-Onone";
			};
			name = Debug;
		};
		6E8FE1882DF830EB00C274B2 /* Release */ = {
			isa = XCBuildConfiguration;
			buildSettings = {
				ALWAYS_SEARCH_USER_PATHS = NO;
				CLANG_ANALYZER_NONNULL = YES;
				CLANG_ANALYZER_NUMBER_OBJECT_CONVERSION = YES_AGGRESSIVE;
				CLANG_CXX_LANGUAGE_STANDARD = "gnu++20";
				CLANG_ENABLE_MODULES = YES;
				CLANG_ENABLE_OBJC_ARC = YES;
				CLANG_ENABLE_OBJC_WEAK = YES;
				CLANG_WARN_BLOCK_CAPTURE_AUTORELEASING = YES;
				CLANG_WARN_BOOL_CONVERSION = YES;
				CLANG_WARN_COMMA = YES;
				CLANG_WARN_CONSTANT_CONVERSION = YES;
				CLANG_WARN_DEPRECATED_OBJC_IMPLEMENTATIONS = YES;
				CLANG_WARN_DIRECT_OBJC_ISA_USAGE = YES_ERROR;
				CLANG_WARN_DOCUMENTATION_COMMENTS = YES;
				CLANG_WARN_EMPTY_BODY = YES;
				CLANG_WARN_ENUM_CONVERSION = YES;
				CLANG_WARN_INFINITE_RECURSION = YES;
				CLANG_WARN_INT_CONVERSION = YES;
				CLANG_WARN_NON_LITERAL_NULL_CONVERSION = YES;
				CLANG_WARN_OBJC_IMPLICIT_RETAIN_SELF = YES;
				CLANG_WARN_OBJC_LITERAL_CONVERSION = YES;
				CLANG_WARN_OBJC_ROOT_CLASS = YES_ERROR;
				CLANG_WARN_QUOTED_INCLUDE_IN_FRAMEWORK_HEADER = YES;
				CLANG_WARN_RANGE_LOOP_ANALYSIS = YES;
				CLANG_WARN_STRICT_PROTOTYPES = YES;
				CLANG_WARN_SUSPICIOUS_MOVE = YES;
				CLANG_WARN_UNGUARDED_AVAILABILITY = YES_AGGRESSIVE;
				CLANG_WARN_UNREACHABLE_CODE = YES;
				CLANG_WARN__DUPLICATE_METHOD_MATCH = YES;
				COPY_PHASE_STRIP = NO;
				DEBUG_INFORMATION_FORMAT = "dwarf-with-dsym";
				ENABLE_NS_ASSERTIONS = NO;
				ENABLE_STRICT_OBJC_MSGSEND = YES;
				GCC_C_LANGUAGE_STANDARD = gnu11;
				GCC_NO_COMMON_BLOCKS = YES;
				GCC_WARN_64_TO_32_BIT_CONVERSION = YES;
				GCC_WARN_ABOUT_RETURN_TYPE = YES_ERROR;
				GCC_WARN_UNDECLARED_SELECTOR = YES;
				GCC_WARN_UNINITIALIZED_AUTOS = YES_AGGRESSIVE;
				GCC_WARN_UNUSED_FUNCTION = YES;
				GCC_WARN_UNUSED_VARIABLE = YES;
				MTL_ENABLE_DEBUG_INFO = NO;
				MTL_FAST_MATH = YES;
				SWIFT_COMPILATION_MODE = wholemodule;
				SWIFT_OPTIMIZATION_LEVEL = "-O";
			};
			name = Release;
		};
		6E8FE18A2DF830EB00C274B2 /* Debug */ = {
			isa = XCBuildConfiguration;
			buildSettings = {
				ASSETCATALOG_COMPILER_APPICON_NAME = AppIcon;
				ASSETCATALOG_COMPILER_GLOBAL_ACCENT_COLOR_NAME = AccentColor;
				CODE_SIGN_ENTITLEMENTS = "Puff Puff Pass/Puff_Puff_Pass.entitlements";
				CODE_SIGN_STYLE = Automatic;
				CURRENT_PROJECT_VERSION = 1;
				DEVELOPMENT_ASSET_PATHS = "\"Puff Puff Pass/Preview Content\"";
				ENABLE_PREVIEWS = YES;
				GENERATE_INFOPLIST_FILE = YES;
				"INFOPLIST_KEY_UIApplicationSceneManifest_Generation[sdk=iphoneos*]" = YES;
				"INFOPLIST_KEY_UIApplicationSceneManifest_Generation[sdk=iphonesimulator*]" = YES;
				"INFOPLIST_KEY_UIApplicationSupportsIndirectInputEvents[sdk=iphoneos*]" = YES;
				"INFOPLIST_KEY_UIApplicationSupportsIndirectInputEvents[sdk=iphonesimulator*]" = YES;
				"INFOPLIST_KEY_UILaunchScreen_Generation[sdk=iphoneos*]" = YES;
				"INFOPLIST_KEY_UILaunchScreen_Generation[sdk=iphonesimulator*]" = YES;
				"INFOPLIST_KEY_UIStatusBarStyle[sdk=iphoneos*]" = UIStatusBarStyleDefault;
				"INFOPLIST_KEY_UIStatusBarStyle[sdk=iphonesimulator*]" = UIStatusBarStyleDefault;
				INFOPLIST_KEY_UISupportedInterfaceOrientations_iPad = "UIInterfaceOrientationPortrait UIInterfaceOrientationPortraitUpsideDown UIInterfaceOrientationLandscapeLeft UIInterfaceOrientationLandscapeRight";
				INFOPLIST_KEY_UISupportedInterfaceOrientations_iPhone = "UIInterfaceOrientationPortrait UIInterfaceOrientationLandscapeLeft UIInterfaceOrientationLandscapeRight";
				IPHONEOS_DEPLOYMENT_TARGET = 16.4;
				LD_RUNPATH_SEARCH_PATHS = "@executable_path/Frameworks";
				"LD_RUNPATH_SEARCH_PATHS[sdk=macosx*]" = "@executable_path/../Frameworks";
				MACOSX_DEPLOYMENT_TARGET = 13.3;
				MARKETING_VERSION = 1.0;
				PRODUCT_BUNDLE_IDENTIFIER = "technologia.Puff-Puff-Pass";
				PRODUCT_NAME = "$(TARGET_NAME)";
				SDKROOT = auto;
				SUPPORTED_PLATFORMS = "iphoneos iphonesimulator macosx";
				SWIFT_EMIT_LOC_STRINGS = YES;
				SWIFT_VERSION = 5.0;
				TARGETED_DEVICE_FAMILY = "1,2";
			};
			name = Debug;
		};
		6E8FE18B2DF830EB00C274B2 /* Release */ = {
			isa = XCBuildConfiguration;
			buildSettings = {
				ASSETCATALOG_COMPILER_APPICON_NAME = AppIcon;
				ASSETCATALOG_COMPILER_GLOBAL_ACCENT_COLOR_NAME = AccentColor;
				CODE_SIGN_ENTITLEMENTS = "Puff Puff Pass/Puff_Puff_Pass.entitlements";
				CODE_SIGN_STYLE = Automatic;
				CURRENT_PROJECT_VERSION = 1;
				DEVELOPMENT_ASSET_PATHS = "\"Puff Puff Pass/Preview Content\"";
				ENABLE_PREVIEWS = YES;
				GENERATE_INFOPLIST_FILE = YES;
				"INFOPLIST_KEY_UIApplicationSceneManifest_Generation[sdk=iphoneos*]" = YES;
				"INFOPLIST_KEY_UIApplicationSceneManifest_Generation[sdk=iphonesimulator*]" = YES;
				"INFOPLIST_KEY_UIApplicationSupportsIndirectInputEvents[sdk=iphoneos*]" = YES;
				"INFOPLIST_KEY_UIApplicationSupportsIndirectInputEvents[sdk=iphonesimulator*]" = YES;
				"INFOPLIST_KEY_UILaunchScreen_Generation[sdk=iphoneos*]" = YES;
				"INFOPLIST_KEY_UILaunchScreen_Generation[sdk=iphonesimulator*]" = YES;
				"INFOPLIST_KEY_UIStatusBarStyle[sdk=iphoneos*]" = UIStatusBarStyleDefault;
				"INFOPLIST_KEY_UIStatusBarStyle[sdk=iphonesimulator*]" = UIStatusBarStyleDefault;
				INFOPLIST_KEY_UISupportedInterfaceOrientations_iPad = "UIInterfaceOrientationPortrait UIInterfaceOrientationPortraitUpsideDown UIInterfaceOrientationLandscapeLeft UIInterfaceOrientationLandscapeRight";
				INFOPLIST_KEY_UISupportedInterfaceOrientations_iPhone = "UIInterfaceOrientationPortrait UIInterfaceOrientationLandscapeLeft UIInterfaceOrientationLandscapeRight";
				IPHONEOS_DEPLOYMENT_TARGET = 16.4;
				LD_RUNPATH_SEARCH_PATHS = "@executable_path/Frameworks";
				"LD_RUNPATH_SEARCH_PATHS[sdk=macosx*]" = "@executable_path/../Frameworks";
				MACOSX_DEPLOYMENT_TARGET = 13.3;
				MARKETING_VERSION = 1.0;
				PRODUCT_BUNDLE_IDENTIFIER = "technologia.Puff-Puff-Pass";
				PRODUCT_NAME = "$(TARGET_NAME)";
				SDKROOT = auto;
				SUPPORTED_PLATFORMS = "iphoneos iphonesimulator macosx";
				SWIFT_EMIT_LOC_STRINGS = YES;
				SWIFT_VERSION = 5.0;
				TARGETED_DEVICE_FAMILY = "1,2";
			};
			name = Release;
		};
/* End XCBuildConfiguration section */

/* Begin XCConfigurationList section */
		6E8FE1752DF830E900C274B2 /* Build configuration list for PBXProject "Puff Puff Pass" */ = {
			isa = XCConfigurationList;
			buildConfigurations = (
				6E8FE1872DF830EB00C274B2 /* Debug */,
				6E8FE1882DF830EB00C274B2 /* Release */,
			);
			defaultConfigurationIsVisible = 0;
			defaultConfigurationName = Release;
		};
		6E8FE1892DF830EB00C274B2 /* Build configuration list for PBXNativeTarget "Puff Puff Pass" */ = {
			isa = XCConfigurationList;
			buildConfigurations = (
				6E8FE18A2DF830EB00C274B2 /* Debug */,
				6E8FE18B2DF830EB00C274B2 /* Release */,
			);
			defaultConfigurationIsVisible = 0;
			defaultConfigurationName = Release;
		};
/* End XCConfigurationList section */
	};
	rootObject = 6E8FE1722DF830E900C274B2 /* Project object */;
}
